
Microsoft Visual Studio Solution File, Format Version 12.00
# Visual Studio 2012
Project("{FAE04EC0-301F-11D3-BF4B-00C04F79EFBC}") = "TextFieldAutocomplete", "TextFieldAutocomplete\TextFieldAutocomplete.csproj", "{25CBF3BC-A0A2-499B-AB95-B9B2A1565D9C}"
EndProject
Global
	GlobalSection(SolutionConfigurationPlatforms) = preSolution
		Debug|iPhoneSimulator = Debug|iPhoneSimulator
		Release|iPhone = Release|iPhone
		Release|iPhoneSimulator = Release|iPhoneSimulator
		Debug|iPhone = Debug|iPhone
	EndGlobalSection
	GlobalSection(ProjectConfigurationPlatforms) = postSolution
		{25CBF3BC-A0A2-499B-AB95-B9B2A1565D9C}.Debug|iPhoneSimulator.ActiveCfg = Debug|iPhoneSimulator
		{25CBF3BC-A0A2-499B-AB95-B9B2A1565D9C}.Debug|iPhoneSimulator.Build.0 = Debug|iPhoneSimulator
		{25CBF3BC-A0A2-499B-AB95-B9B2A1565D9C}.Release|iPhone.ActiveCfg = Release|iPhone
		{25CBF3BC-A0A2-499B-AB95-B9B2A1565D9C}.Release|iPhone.Build.0 = Release|iPhone
		{25CBF3BC-A0A2-499B-AB95-B9B2A1565D9C}.Release|iPhoneSimulator.ActiveCfg = Release|iPhoneSimulator
		{25CBF3BC-A0A2-499B-AB95-B9B2A1565D9C}.Release|iPhoneSimulator.Build.0 = Release|iPhoneSimulator
		{25CBF3BC-A0A2-499B-AB95-B9B2A1565D9C}.Debug|iPhone.ActiveCfg = Debug|iPhone
		{25CBF3BC-A0A2-499B-AB95-B9B2A1565D9C}.Debug|iPhone.Build.0 = Debug|iPhone
	EndGlobalSection
EndGlobal
